
Microsoft Visual Studio Solution File, Format Version 12.00
# Visual Studio Version 17
VisualStudioVersion = 17.5.33627.172
MinimumVisualStudioVersion = 10.0.40219.1
Project("{9A19103F-16F7-4668-BE54-9A1E7A4F7556}") = "outreach3", "outreach3.csproj", "{32397D13-B6E0-42F8-9B2C-705A326B3358}"
EndProject
Global
	GlobalSection(SolutionConfigurationPlatforms) = preSolution
		Debug|Any CPU = Debug|Any CPU
		Release|Any CPU = Release|Any CPU
	EndGlobalSection
	GlobalSection(ProjectConfigurationPlatforms) = postSolution
		{32397D13-B6E0-42F8-9B2C-705A326B3358}.Debug|Any CPU.ActiveCfg = Debug|Any CPU
		{32397D13-B6E0-42F8-9B2C-705A326B3358}.Debug|Any CPU.Build.0 = Debug|Any CPU
		{32397D13-B6E0-42F8-9B2C-705A326B3358}.Release|Any CPU.ActiveCfg = Release|Any CPU
	EndGlobalSection
	GlobalSection(SolutionProperties) = preSolution
		HideSolutionNode = FALSE
	EndGlobalSection
	GlobalSection(ExtensibilityGlobals) = postSolution
		SolutionGuid = {97134AB9-CB27-4F42-B77E-99681C33DC01}
	EndGlobalSection
EndGlobal
